
Microsoft Visual Studio Solution File, Format Version 10.00
# Visual Studio 2008
# SharpDevelop 3.0.0.3800
Project("{FAE04EC0-301F-11D3-BF4B-00C04F79EFBC}") = "EngSB.Connector.Quickstart", "examples\EngSB.Connector.Quickstart\EngSB.Connector.Quickstart.csproj", "{6C62EA8C-D83A-4FE5-B4EF-50EEA2B903FA}"
EndProject
Project("{FAE04EC0-301F-11D3-BF4B-00C04F79EFBC}") = "EngSB.Connector.Common", "src\EngSB.Connector.Common\EngSB.Connector.Common.csproj", "{8E8DE23C-8768-4664-B85F-0496A068AC62}"
EndProject
Project("{FAE04EC0-301F-11D3-BF4B-00C04F79EFBC}") = "EngSB.Connector.Common.Tests", "test\EngSB.Connector.Common.Tests\EngSB.Connector.Common.Tests.csproj", "{8C6802B3-AD66-4618-A29A-404EE6E90654}"
EndProject
Global
	GlobalSection(SolutionConfigurationPlatforms) = preSolution
		Debug|Any CPU = Debug|Any CPU
		Release|Any CPU = Release|Any CPU
	EndGlobalSection
	GlobalSection(ProjectConfigurationPlatforms) = postSolution
		{6C62EA8C-D83A-4FE5-B4EF-50EEA2B903FA}.Debug|Any CPU.Build.0 = Debug|Any CPU
		{6C62EA8C-D83A-4FE5-B4EF-50EEA2B903FA}.Debug|Any CPU.ActiveCfg = Debug|Any CPU
		{6C62EA8C-D83A-4FE5-B4EF-50EEA2B903FA}.Release|Any CPU.Build.0 = Release|Any CPU
		{6C62EA8C-D83A-4FE5-B4EF-50EEA2B903FA}.Release|Any CPU.ActiveCfg = Release|Any CPU
		{8E8DE23C-8768-4664-B85F-0496A068AC62}.Debug|Any CPU.Build.0 = Debug|Any CPU
		{8E8DE23C-8768-4664-B85F-0496A068AC62}.Debug|Any CPU.ActiveCfg = Debug|Any CPU
		{8E8DE23C-8768-4664-B85F-0496A068AC62}.Release|Any CPU.Build.0 = Release|Any CPU
		{8E8DE23C-8768-4664-B85F-0496A068AC62}.Release|Any CPU.ActiveCfg = Release|Any CPU
		{8C6802B3-AD66-4618-A29A-404EE6E90654}.Debug|Any CPU.Build.0 = Debug|Any CPU
		{8C6802B3-AD66-4618-A29A-404EE6E90654}.Debug|Any CPU.ActiveCfg = Debug|Any CPU
		{8C6802B3-AD66-4618-A29A-404EE6E90654}.Release|Any CPU.Build.0 = Release|Any CPU
		{8C6802B3-AD66-4618-A29A-404EE6E90654}.Release|Any CPU.ActiveCfg = Release|Any CPU
	EndGlobalSection
EndGlobal
